{
  "name": "quizapp",
  "version": "1.0.0",
  "lockfileVersion": 1,
  "requires": true,
  "dependencies": {
    "hotkeys-js": {
      "version": "3.9.4",
      "resolved": "https://registry.npmjs.org/hotkeys-js/-/hotkeys-js-3.9.4.tgz",
      "integrity": "sha512-2zuLt85Ta+gIyvs4N88pCYskNrxf1TFv3LR9t5mdAZIX8BcgQQ48F2opUptvHa6m8zsy5v/a0i9mWzTrlNWU0Q=="
    },
    "stimulus-dropdown": {
      "version": "2.0.0",
      "resolved": "https://registry.npmjs.org/stimulus-dropdown/-/stimulus-dropdown-2.0.0.tgz",
      "integrity": "sha512-3VUZ4TI9qHvzw+sOEX1oQA8Pw8C/K5yI+oltr5B9DTwFzuJrFZRWR33OK3ERllzZep+quvHZZljIpIRifKCmCg==",
      "requires": {
        "stimulus-use": "^0.50.0-2"
      }
    },
    "stimulus-use": {
      "version": "0.50.0",
      "resolved": "https://registry.npmjs.org/stimulus-use/-/stimulus-use-0.50.0.tgz",
      "integrity": "sha512-9NScZQiOycQdzh8VZ15pxk6ep/a22fgha2halOvZFpJITC4nsTbWlO7D1hm+9LspFxa5b28tQhm3XkbH/qAlGw==",
      "requires": {
        "hotkeys-js": ">=3"
      }
    }
  }
}
