# THIS IS AN AUTOGENERATED FILE. DO NOT EDIT THIS FILE DIRECTLY.
# yarn lockfile v1


hotkeys-js@>=3:
  version "3.9.4"
  resolved "https://registry.yarnpkg.com/hotkeys-js/-/hotkeys-js-3.9.4.tgz#ce1aa4c3a132b6a63a9dd5644fc92b8a9b9cbfb9"
  integrity sha512-2zuLt85Ta+gIyvs4N88pCYskNrxf1TFv3LR9t5mdAZIX8BcgQQ48F2opUptvHa6m8zsy5v/a0i9mWzTrlNWU0Q==

stimulus-dropdown@^2.0.0:
  version "2.0.0"
  resolved "https://registry.yarnpkg.com/stimulus-dropdown/-/stimulus-dropdown-2.0.0.tgz#3d401e418be21787f182c0de4bf0d2fd91cfbf8e"
  integrity sha512-3VUZ4TI9qHvzw+sOEX1oQA8Pw8C/K5yI+oltr5B9DTwFzuJrFZRWR33OK3ERllzZep+quvHZZljIpIRifKCmCg==
  dependencies:
    stimulus-use "^0.50.0-2"

stimulus-use@^0.50.0-2:
  version "0.50.0"
  resolved "https://registry.yarnpkg.com/stimulus-use/-/stimulus-use-0.50.0.tgz#0bae92fbb1fd961cbb23569f9edd12ae642ce4a6"
  integrity sha512-9NScZQiOycQdzh8VZ15pxk6ep/a22fgha2halOvZFpJITC4nsTbWlO7D1hm+9LspFxa5b28tQhm3XkbH/qAlGw==
  dependencies:
    hotkeys-js ">=3"
